// !$*UTF8*$!
{
	archiveVersion = 1;
	classes = {
	};
	objectVersion = 48;
	objects = {

/* Begin PBXBuildFile section */
		625CB2592047335C00BFF1F8 /* AppDelegate.swift in Sources */ = {isa = PBXBuildFile; fileRef = 625CB2582047335C00BFF1F8 /* AppDelegate.swift */; };
		625CB25B2047335C00BFF1F8 /* ViewController.swift in Sources */ = {isa = PBXBuildFile; fileRef = 625CB25A2047335C00BFF1F8 /* ViewController.swift */; };
		625CB25E2047335C00BFF1F8 /* Main.storyboard in Resources */ = {isa = PBXBuildFile; fileRef = 625CB25C2047335C00BFF1F8 /* Main.storyboard */; };
		625CB2612047335C00BFF1F8 /* quotesApp.xcdatamodeld in Sources */ = {isa = PBXBuildFile; fileRef = 625CB25F2047335C00BFF1F8 /* quotesApp.xcdatamodeld */; };
		625CB2632047335C00BFF1F8 /* Assets.xcassets in Resources */ = {isa = PBXBuildFile; fileRef = 625CB2622047335C00BFF1F8 /* Assets.xcassets */; };
		625CB2662047335C00BFF1F8 /* LaunchScreen.storyboard in Resources */ = {isa = PBXBuildFile; fileRef = 625CB2642047335C00BFF1F8 /* LaunchScreen.storyboard */; };
		625CB2712047335C00BFF1F8 /* quotesAppTests.swift in Sources */ = {isa = PBXBuildFile; fileRef = 625CB2702047335C00BFF1F8 /* quotesAppTests.swift */; };
		625CB27C2047335C00BFF1F8 /* quotesAppUITests.swift in Sources */ = {isa = PBXBuildFile; fileRef = 625CB27B2047335C00BFF1F8 /* quotesAppUITests.swift */; };
		6286784620707AA800CE704F /* DesignableImageView.swift in Sources */ = {isa = PBXBuildFile; fileRef = 6286782820707AA800CE704F /* DesignableImageView.swift */; };
		6286784720707AA800CE704F /* KeyboardLayoutConstraint.swift in Sources */ = {isa = PBXBuildFile; fileRef = 6286782920707AA800CE704F /* KeyboardLayoutConstraint.swift */; };
		6286784820707AA800CE704F /* TransitionManager.swift in Sources */ = {isa = PBXBuildFile; fileRef = 6286782A20707AA800CE704F /* TransitionManager.swift */; };
		6286784920707AA800CE704F /* TransitionZoom.swift in Sources */ = {isa = PBXBuildFile; fileRef = 6286782B20707AA800CE704F /* TransitionZoom.swift */; };
		6286784A20707AA800CE704F /* ImageLoader.swift in Sources */ = {isa = PBXBuildFile; fileRef = 6286782C20707AA800CE704F /* ImageLoader.swift */; };
		6286784B20707AA800CE704F /* Spring.swift in Sources */ = {isa = PBXBuildFile; fileRef = 6286782D20707AA800CE704F /* Spring.swift */; };
		6286784C20707AA800CE704F /* SpringImageView.swift in Sources */ = {isa = PBXBuildFile; fileRef = 6286782E20707AA800CE704F /* SpringImageView.swift */; };
		6286784D20707AA800CE704F /* DesignableLabel.swift in Sources */ = {isa = PBXBuildFile; fileRef = 6286782F20707AA800CE704F /* DesignableLabel.swift */; };
		6286784E20707AA800CE704F /* SoundPlayer.swift in Sources */ = {isa = PBXBuildFile; fileRef = 6286783020707AA800CE704F /* SoundPlayer.swift */; };
		6286784F20707AA800CE704F /* BlurView.swift in Sources */ = {isa = PBXBuildFile; fileRef = 6286783120707AA800CE704F /* BlurView.swift */; };
		6286785020707AA800CE704F /* DesignableTextField.swift in Sources */ = {isa = PBXBuildFile; fileRef = 6286783220707AA800CE704F /* DesignableTextField.swift */; };
		6286785120707AA800CE704F /* SpringButton.swift in Sources */ = {isa = PBXBuildFile; fileRef = 6286783320707AA800CE704F /* SpringButton.swift */; };
		6286785220707AA800CE704F /* SpringTextView.swift in Sources */ = {isa = PBXBuildFile; fileRef = 6286783420707AA800CE704F /* SpringTextView.swift */; };
		6286785320707AA800CE704F /* Misc.swift in Sources */ = {isa = PBXBuildFile; fileRef = 6286783520707AA800CE704F /* Misc.swift */; };
		6286785420707AA800CE704F /* SpringView.swift in Sources */ = {isa = PBXBuildFile; fileRef = 6286783620707AA800CE704F /* SpringView.swift */; };
		6286785520707AA800CE704F /* DesignableButton.swift in Sources */ = {isa = PBXBuildFile; fileRef = 6286783720707AA800CE704F /* DesignableButton.swift */; };
		6286785620707AA800CE704F /* SpringTextField.swift in Sources */ = {isa = PBXBuildFile; fileRef = 6286783820707AA800CE704F /* SpringTextField.swift */; };
		6286785720707AA800CE704F /* DesignableView.swift in Sources */ = {isa = PBXBuildFile; fileRef = 6286783920707AA800CE704F /* DesignableView.swift */; };
		6286785820707AA800CE704F /* DesignableTabBarController.swift in Sources */ = {isa = PBXBuildFile; fileRef = 6286783A20707AA800CE704F /* DesignableTabBarController.swift */; };
		6286785920707AA800CE704F /* AsyncButton.swift in Sources */ = {isa = PBXBuildFile; fileRef = 6286783B20707AA800CE704F /* AsyncButton.swift */; };
		6286785A20707AA800CE704F /* LoadingView.xib in Resources */ = {isa = PBXBuildFile; fileRef = 6286783C20707AA800CE704F /* LoadingView.xib */; };
		6286785B20707AA800CE704F /* SpringLabel.swift in Sources */ = {isa = PBXBuildFile; fileRef = 6286783D20707AA800CE704F /* SpringLabel.swift */; };
		6286785C20707AA800CE704F /* DesignableTextView.swift in Sources */ = {isa = PBXBuildFile; fileRef = 6286783F20707AA800CE704F /* DesignableTextView.swift */; };
		6286785D20707AA800CE704F /* AutoTextView.swift in Sources */ = {isa = PBXBuildFile; fileRef = 6286784020707AA800CE704F /* AutoTextView.swift */; };
		6286785E20707AA800CE704F /* SpringAnimation.swift in Sources */ = {isa = PBXBuildFile; fileRef = 6286784120707AA800CE704F /* SpringAnimation.swift */; };
		6286785F20707AA800CE704F /* UnwindSegue.swift in Sources */ = {isa = PBXBuildFile; fileRef = 6286784220707AA800CE704F /* UnwindSegue.swift */; };
		6286786020707AA800CE704F /* LoadingView.swift in Sources */ = {isa = PBXBuildFile; fileRef = 6286784320707AA800CE704F /* LoadingView.swift */; };
		6286786120707AA800CE704F /* Info.plist in Resources */ = {isa = PBXBuildFile; fileRef = 6286784420707AA800CE704F /* Info.plist */; };
		6286786220707AA800CE704F /* AsyncImageView.swift in Sources */ = {isa = PBXBuildFile; fileRef = 6286784520707AA800CE704F /* AsyncImageView.swift */; };
		6286786420707C2B00CE704F /* LICENSE in Resources */ = {isa = PBXBuildFile; fileRef = 6286786320707C2B00CE704F /* LICENSE */; };
		6286786620707C3500CE704F /* README.md in Resources */ = {isa = PBXBuildFile; fileRef = 6286786520707C3500CE704F /* README.md */; };
		6299E7D5207BE7AE00B96F35 /* Righteous in Resources */ = {isa = PBXBuildFile; fileRef = 6299E7D4207BE7AE00B96F35 /* Righteous */; };
		62B4296A205C46BD0087C97C /* Cell.swift in Sources */ = {isa = PBXBuildFile; fileRef = 62B42969205C46BD0087C97C /* Cell.swift */; };
		62B4296C205C49D10087C97C /* QuoteCellStyle.swift in Sources */ = {isa = PBXBuildFile; fileRef = 62B4296B205C49D10087C97C /* QuoteCellStyle.swift */; };
		62B429752062CE8C0087C97C /* SavedQuote+CoreDataClass.swift in Sources */ = {isa = PBXBuildFile; fileRef = 62B429732062CE8C0087C97C /* SavedQuote+CoreDataClass.swift */; };
		62B429762062CE8C0087C97C /* SavedQuote+CoreDataProperties.swift in Sources */ = {isa = PBXBuildFile; fileRef = 62B429742062CE8C0087C97C /* SavedQuote+CoreDataProperties.swift */; };
		62D5F3BA204F23E40073972F /* BlurEffects.swift in Sources */ = {isa = PBXBuildFile; fileRef = 62D5F3B9204F23E40073972F /* BlurEffects.swift */; };
		62D5F3BC204F3DC50073972F /* ViewDesign.swift in Sources */ = {isa = PBXBuildFile; fileRef = 62D5F3BB204F3DC50073972F /* ViewDesign.swift */; };
		62F4D70D204E0C15000AA10A /* ButtonDesign.swift in Sources */ = {isa = PBXBuildFile; fileRef = 62F4D70C204E0C15000AA10A /* ButtonDesign.swift */; };
		62F4D70F204E12EA000AA10A /* LabelDesign.swift in Sources */ = {isa = PBXBuildFile; fileRef = 62F4D70E204E12EA000AA10A /* LabelDesign.swift */; };
		62F4D711204E1316000AA10A /* ImageDesign.swift in Sources */ = {isa = PBXBuildFile; fileRef = 62F4D710204E1316000AA10A /* ImageDesign.swift */; };
		62FB011B2071B852000C333C /* OnboardingViewController.swift in Sources */ = {isa = PBXBuildFile; fileRef = 62FB011A2071B852000C333C /* OnboardingViewController.swift */; };
/* End PBXBuildFile section */

/* Begin PBXContainerItemProxy section */
		625CB26D2047335C00BFF1F8 /* PBXContainerItemProxy */ = {
			isa = PBXContainerItemProxy;
			containerPortal = 625CB24D2047335C00BFF1F8 /* Project object */;
			proxyType = 1;
			remoteGlobalIDString = 625CB2542047335C00BFF1F8;
			remoteInfo = quotesApp;
		};
		625CB2782047335C00BFF1F8 /* PBXContainerItemProxy */ = {
			isa = PBXContainerItemProxy;
			containerPortal = 625CB24D2047335C00BFF1F8 /* Project object */;
			proxyType = 1;
			remoteGlobalIDString = 625CB2542047335C00BFF1F8;
			remoteInfo = quotesApp;
		};
/* End PBXContainerItemProxy section */

/* Begin PBXFileReference section */
		625CB2552047335C00BFF1F8 /* quotesApp.app */ = {isa = PBXFileReference; explicitFileType = wrapper.application; includeInIndex = 0; path = quotesApp.app; sourceTree = BUILT_PRODUCTS_DIR; };
		625CB2582047335C00BFF1F8 /* AppDelegate.swift */ = {isa = PBXFileReference; lastKnownFileType = sourcecode.swift; path = AppDelegate.swift; sourceTree = "<group>"; };
		625CB25A2047335C00BFF1F8 /* ViewController.swift */ = {isa = PBXFileReference; lastKnownFileType = sourcecode.swift; path = ViewController.swift; sourceTree = "<group>"; };
		625CB25D2047335C00BFF1F8 /* Base */ = {isa = PBXFileReference; lastKnownFileType = file.storyboard; name = Base; path = Base.lproj/Main.storyboard; sourceTree = "<group>"; };
		625CB2602047335C00BFF1F8 /* quotesApp.xcdatamodel */ = {isa = PBXFileReference; lastKnownFileType = wrapper.xcdatamodel; path = quotesApp.xcdatamodel; sourceTree = "<group>"; };
		625CB2622047335C00BFF1F8 /* Assets.xcassets */ = {isa = PBXFileReference; lastKnownFileType = folder.assetcatalog; path = Assets.xcassets; sourceTree = "<group>"; };
		625CB2652047335C00BFF1F8 /* Base */ = {isa = PBXFileReference; lastKnownFileType = file.storyboard; name = Base; path = Base.lproj/LaunchScreen.storyboard; sourceTree = "<group>"; };
		625CB2672047335C00BFF1F8 /* Info.plist */ = {isa = PBXFileReference; lastKnownFileType = text.plist.xml; path = Info.plist; sourceTree = "<group>"; };
		625CB26C2047335C00BFF1F8 /* quotesAppTests.xctest */ = {isa = PBXFileReference; explicitFileType = wrapper.cfbundle; includeInIndex = 0; path = quotesAppTests.xctest; sourceTree = BUILT_PRODUCTS_DIR; };
		625CB2702047335C00BFF1F8 /* quotesAppTests.swift */ = {isa = PBXFileReference; lastKnownFileType = sourcecode.swift; path = quotesAppTests.swift; sourceTree = "<group>"; };
		625CB2722047335C00BFF1F8 /* Info.plist */ = {isa = PBXFileReference; lastKnownFileType = text.plist.xml; path = Info.plist; sourceTree = "<group>"; };
		625CB2772047335C00BFF1F8 /* quotesAppUITests.xctest */ = {isa = PBXFileReference; explicitFileType = wrapper.cfbundle; includeInIndex = 0; path = quotesAppUITests.xctest; sourceTree = BUILT_PRODUCTS_DIR; };
		625CB27B2047335C00BFF1F8 /* quotesAppUITests.swift */ = {isa = PBXFileReference; lastKnownFileType = sourcecode.swift; path = quotesAppUITests.swift; sourceTree = "<group>"; };
		625CB27D2047335C00BFF1F8 /* Info.plist */ = {isa = PBXFileReference; lastKnownFileType = text.plist.xml; path = Info.plist; sourceTree = "<group>"; };
		6286782820707AA800CE704F /* DesignableImageView.swift */ = {isa = PBXFileReference; fileEncoding = 4; lastKnownFileType = sourcecode.swift; path = DesignableImageView.swift; sourceTree = "<group>"; };
		6286782920707AA800CE704F /* KeyboardLayoutConstraint.swift */ = {isa = PBXFileReference; fileEncoding = 4; lastKnownFileType = sourcecode.swift; path = KeyboardLayoutConstraint.swift; sourceTree = "<group>"; };
		6286782A20707AA800CE704F /* TransitionManager.swift */ = {isa = PBXFileReference; fileEncoding = 4; lastKnownFileType = sourcecode.swift; path = TransitionManager.swift; sourceTree = "<group>"; };
		6286782B20707AA800CE704F /* TransitionZoom.swift */ = {isa = PBXFileReference; fileEncoding = 4; lastKnownFileType = sourcecode.swift; path = TransitionZoom.swift; sourceTree = "<group>"; };
		6286782C20707AA800CE704F /* ImageLoader.swift */ = {isa = PBXFileReference; fileEncoding = 4; lastKnownFileType = sourcecode.swift; path = ImageLoader.swift; sourceTree = "<group>"; };
		6286782D20707AA800CE704F /* Spring.swift */ = {isa = PBXFileReference; fileEncoding = 4; lastKnownFileType = sourcecode.swift; path = Spring.swift; sourceTree = "<group>"; };
		6286782E20707AA800CE704F /* SpringImageView.swift */ = {isa = PBXFileReference; fileEncoding = 4; lastKnownFileType = sourcecode.swift; path = SpringImageView.swift; sourceTree = "<group>"; };
		6286782F20707AA800CE704F /* DesignableLabel.swift */ = {isa = PBXFileReference; fileEncoding = 4; lastKnownFileType = sourcecode.swift; path = DesignableLabel.swift; sourceTree = "<group>"; };
		6286783020707AA800CE704F /* SoundPlayer.swift */ = {isa = PBXFileReference; fileEncoding = 4; lastKnownFileType = sourcecode.swift; path = SoundPlayer.swift; sourceTree = "<group>"; };
		6286783120707AA800CE704F /* BlurView.swift */ = {isa = PBXFileReference; fileEncoding = 4; lastKnownFileType = sourcecode.swift; path = BlurView.swift; sourceTree = "<group>"; };
		6286783220707AA800CE704F /* DesignableTextField.swift */ = {isa = PBXFileReference; fileEncoding = 4; lastKnownFileType = sourcecode.swift; path = DesignableTextField.swift; sourceTree = "<group>"; };
		6286783320707AA800CE704F /* SpringButton.swift */ = {isa = PBXFileReference; fileEncoding = 4; lastKnownFileType = sourcecode.swift; path = SpringButton.swift; sourceTree = "<group>"; };
		6286783420707AA800CE704F /* SpringTextView.swift */ = {isa = PBXFileReference; fileEncoding = 4; lastKnownFileType = sourcecode.swift; path = SpringTextView.swift; sourceTree = "<group>"; };
		6286783520707AA800CE704F /* Misc.swift */ = {isa = PBXFileReference; fileEncoding = 4; lastKnownFileType = sourcecode.swift; path = Misc.swift; sourceTree = "<group>"; };
		6286783620707AA800CE704F /* SpringView.swift */ = {isa = PBXFileReference; fileEncoding = 4; lastKnownFileType = sourcecode.swift; path = SpringView.swift; sourceTree = "<group>"; };
		6286783720707AA800CE704F /* DesignableButton.swift */ = {isa = PBXFileReference; fileEncoding = 4; lastKnownFileType = sourcecode.swift; path = DesignableButton.swift; sourceTree = "<group>"; };
		6286783820707AA800CE704F /* SpringTextField.swift */ = {isa = PBXFileReference; fileEncoding = 4; lastKnownFileType = sourcecode.swift; path = SpringTextField.swift; sourceTree = "<group>"; };
		6286783920707AA800CE704F /* DesignableView.swift */ = {isa = PBXFileReference; fileEncoding = 4; lastKnownFileType = sourcecode.swift; path = DesignableView.swift; sourceTree = "<group>"; };
		6286783A20707AA800CE704F /* DesignableTabBarController.swift */ = {isa = PBXFileReference; fileEncoding = 4; lastKnownFileType = sourcecode.swift; path = DesignableTabBarController.swift; sourceTree = "<group>"; };
		6286783B20707AA800CE704F /* AsyncButton.swift */ = {isa = PBXFileReference; fileEncoding = 4; lastKnownFileType = sourcecode.swift; path = AsyncButton.swift; sourceTree = "<group>"; };
		6286783C20707AA800CE704F /* LoadingView.xib */ = {isa = PBXFileReference; fileEncoding = 4; lastKnownFileType = file.xib; path = LoadingView.xib; sourceTree = "<group>"; };
		6286783D20707AA800CE704F /* SpringLabel.swift */ = {isa = PBXFileReference; fileEncoding = 4; lastKnownFileType = sourcecode.swift; path = SpringLabel.swift; sourceTree = "<group>"; };
		6286783E20707AA800CE704F /* Spring.h */ = {isa = PBXFileReference; fileEncoding = 4; lastKnownFileType = sourcecode.c.h; path = Spring.h; sourceTree = "<group>"; };
		6286783F20707AA800CE704F /* DesignableTextView.swift */ = {isa = PBXFileReference; fileEncoding = 4; lastKnownFileType = sourcecode.swift; path = DesignableTextView.swift; sourceTree = "<group>"; };
		6286784020707AA800CE704F /* AutoTextView.swift */ = {isa = PBXFileReference; fileEncoding = 4; lastKnownFileType = sourcecode.swift; path = AutoTextView.swift; sourceTree = "<group>"; };
		6286784120707AA800CE704F /* SpringAnimation.swift */ = {isa = PBXFileReference; fileEncoding = 4; lastKnownFileType = sourcecode.swift; path = SpringAnimation.swift; sourceTree = "<group>"; };
		6286784220707AA800CE704F /* UnwindSegue.swift */ = {isa = PBXFileReference; fileEncoding = 4; lastKnownFileType = sourcecode.swift; path = UnwindSegue.swift; sourceTree = "<group>"; };
		6286784320707AA800CE704F /* LoadingView.swift */ = {isa = PBXFileReference; fileEncoding = 4; lastKnownFileType = sourcecode.swift; path = LoadingView.swift; sourceTree = "<group>"; };
		6286784420707AA800CE704F /* Info.plist */ = {isa = PBXFileReference; fileEncoding = 4; lastKnownFileType = text.plist.xml; path = Info.plist; sourceTree = "<group>"; };
		6286784520707AA800CE704F /* AsyncImageView.swift */ = {isa = PBXFileReference; fileEncoding = 4; lastKnownFileType = sourcecode.swift; path = AsyncImageView.swift; sourceTree = "<group>"; };
		6286786320707C2B00CE704F /* LICENSE */ = {isa = PBXFileReference; fileEncoding = 4; lastKnownFileType = text; name = LICENSE; path = "../../../../Downloads/Spring-master/LICENSE"; sourceTree = "<group>"; };
		6286786520707C3500CE704F /* README.md */ = {isa = PBXFileReference; fileEncoding = 4; lastKnownFileType = net.daringfireball.markdown; name = README.md; path = "../../../../Downloads/Spring-master/README.md"; sourceTree = "<group>"; };
		6299E7D4207BE7AE00B96F35 /* Righteous */ = {isa = PBXFileReference; lastKnownFileType = folder; name = Righteous; path = ../../../Downloads/Righteous; sourceTree = "<group>"; };
		62B42969205C46BD0087C97C /* Cell.swift */ = {isa = PBXFileReference; lastKnownFileType = sourcecode.swift; path = Cell.swift; sourceTree = "<group>"; };
		62B4296B205C49D10087C97C /* QuoteCellStyle.swift */ = {isa = PBXFileReference; lastKnownFileType = sourcecode.swift; path = QuoteCellStyle.swift; sourceTree = "<group>"; };
		62B429732062CE8C0087C97C /* SavedQuote+CoreDataClass.swift */ = {isa = PBXFileReference; lastKnownFileType = sourcecode.swift; path = "SavedQuote+CoreDataClass.swift"; sourceTree = "<group>"; };
		62B429742062CE8C0087C97C /* SavedQuote+CoreDataProperties.swift */ = {isa = PBXFileReference; lastKnownFileType = sourcecode.swift; path = "SavedQuote+CoreDataProperties.swift"; sourceTree = "<group>"; };
		62D5F3B9204F23E40073972F /* BlurEffects.swift */ = {isa = PBXFileReference; lastKnownFileType = sourcecode.swift; path = BlurEffects.swift; sourceTree = "<group>"; };
		62D5F3BB204F3DC50073972F /* ViewDesign.swift */ = {isa = PBXFileReference; lastKnownFileType = sourcecode.swift; path = ViewDesign.swift; sourceTree = "<group>"; };
		62F4D70C204E0C15000AA10A /* ButtonDesign.swift */ = {isa = PBXFileReference; lastKnownFileType = sourcecode.swift; path = ButtonDesign.swift; sourceTree = "<group>"; };
		62F4D70E204E12EA000AA10A /* LabelDesign.swift */ = {isa = PBXFileReference; lastKnownFileType = sourcecode.swift; path = LabelDesign.swift; sourceTree = "<group>"; };
		62F4D710204E1316000AA10A /* ImageDesign.swift */ = {isa = PBXFileReference; lastKnownFileType = sourcecode.swift; path = ImageDesign.swift; sourceTree = "<group>"; };
		62FB011A2071B852000C333C /* OnboardingViewController.swift */ = {isa = PBXFileReference; lastKnownFileType = sourcecode.swift; path = OnboardingViewController.swift; sourceTree = "<group>"; };
/* End PBXFileReference section */

/* Begin PBXFrameworksBuildPhase section */
		625CB2522047335C00BFF1F8 /* Frameworks */ = {
			isa = PBXFrameworksBuildPhase;
			buildActionMask = 2147483647;
			files = (
			);
			runOnlyForDeploymentPostprocessing = 0;
		};
		625CB2692047335C00BFF1F8 /* Frameworks */ = {
			isa = PBXFrameworksBuildPhase;
			buildActionMask = 2147483647;
			files = (
			);
			runOnlyForDeploymentPostprocessing = 0;
		};
		625CB2742047335C00BFF1F8 /* Frameworks */ = {
			isa = PBXFrameworksBuildPhase;
			buildActionMask = 2147483647;
			files = (
			);
			runOnlyForDeploymentPostprocessing = 0;
		};
/* End PBXFrameworksBuildPhase section */

/* Begin PBXGroup section */
		625CB24C2047335C00BFF1F8 = {
			isa = PBXGroup;
			children = (
				625CB2572047335C00BFF1F8 /* quotesApp */,
				625CB26F2047335C00BFF1F8 /* quotesAppTests */,
				625CB27A2047335C00BFF1F8 /* quotesAppUITests */,
				625CB2562047335C00BFF1F8 /* Products */,
				62F4D712204E4432000AA10A /* Fonts */,
			);
			sourceTree = "<group>";
		};
		625CB2562047335C00BFF1F8 /* Products */ = {
			isa = PBXGroup;
			children = (
				625CB2552047335C00BFF1F8 /* quotesApp.app */,
				625CB26C2047335C00BFF1F8 /* quotesAppTests.xctest */,
				625CB2772047335C00BFF1F8 /* quotesAppUITests.xctest */,
			);
			name = Products;
			sourceTree = "<group>";
		};
		625CB2572047335C00BFF1F8 /* quotesApp */ = {
			isa = PBXGroup;
			children = (
				62B429712062CD790087C97C /* Model */,
				625CB2582047335C00BFF1F8 /* AppDelegate.swift */,
				625CB25A2047335C00BFF1F8 /* ViewController.swift */,
				62FB011A2071B852000C333C /* OnboardingViewController.swift */,
				625CB25C2047335C00BFF1F8 /* Main.storyboard */,
				625CB2622047335C00BFF1F8 /* Assets.xcassets */,
				625CB2642047335C00BFF1F8 /* LaunchScreen.storyboard */,
				625CB2672047335C00BFF1F8 /* Info.plist */,
				625CB25F2047335C00BFF1F8 /* quotesApp.xcdatamodeld */,
				62F4D70C204E0C15000AA10A /* ButtonDesign.swift */,
				62F4D70E204E12EA000AA10A /* LabelDesign.swift */,
				62F4D710204E1316000AA10A /* ImageDesign.swift */,
				62D5F3B9204F23E40073972F /* BlurEffects.swift */,
				62D5F3BB204F3DC50073972F /* ViewDesign.swift */,
				62B42969205C46BD0087C97C /* Cell.swift */,
				62B4296B205C49D10087C97C /* QuoteCellStyle.swift */,
				6286782720707AA800CE704F /* Spring */,
			);
			path = quotesApp;
			sourceTree = "<group>";
		};
		625CB26F2047335C00BFF1F8 /* quotesAppTests */ = {
			isa = PBXGroup;
			children = (
				625CB2702047335C00BFF1F8 /* quotesAppTests.swift */,
				625CB2722047335C00BFF1F8 /* Info.plist */,
			);
			path = quotesAppTests;
			sourceTree = "<group>";
		};
		625CB27A2047335C00BFF1F8 /* quotesAppUITests */ = {
			isa = PBXGroup;
			children = (
				625CB27B2047335C00BFF1F8 /* quotesAppUITests.swift */,
				625CB27D2047335C00BFF1F8 /* Info.plist */,
			);
			path = quotesAppUITests;
			sourceTree = "<group>";
		};
		6286782720707AA800CE704F /* Spring */ = {
			isa = PBXGroup;
			children = (
				6286786520707C3500CE704F /* README.md */,
				6286786320707C2B00CE704F /* LICENSE */,
				6286782820707AA800CE704F /* DesignableImageView.swift */,
				6286782920707AA800CE704F /* KeyboardLayoutConstraint.swift */,
				6286782A20707AA800CE704F /* TransitionManager.swift */,
				6286782B20707AA800CE704F /* TransitionZoom.swift */,
				6286782C20707AA800CE704F /* ImageLoader.swift */,
				6286782D20707AA800CE704F /* Spring.swift */,
				6286782E20707AA800CE704F /* SpringImageView.swift */,
				6286782F20707AA800CE704F /* DesignableLabel.swift */,
				6286783020707AA800CE704F /* SoundPlayer.swift */,
				6286783120707AA800CE704F /* BlurView.swift */,
				6286783220707AA800CE704F /* DesignableTextField.swift */,
				6286783320707AA800CE704F /* SpringButton.swift */,
				6286783420707AA800CE704F /* SpringTextView.swift */,
				6286783520707AA800CE704F /* Misc.swift */,
				6286783620707AA800CE704F /* SpringView.swift */,
				6286783720707AA800CE704F /* DesignableButton.swift */,
				6286783820707AA800CE704F /* SpringTextField.swift */,
				6286783920707AA800CE704F /* DesignableView.swift */,
				6286783A20707AA800CE704F /* DesignableTabBarController.swift */,
				6286783B20707AA800CE704F /* AsyncButton.swift */,
				6286783C20707AA800CE704F /* LoadingView.xib */,
				6286783D20707AA800CE704F /* SpringLabel.swift */,
				6286783E20707AA800CE704F /* Spring.h */,
				6286783F20707AA800CE704F /* DesignableTextView.swift */,
				6286784020707AA800CE704F /* AutoTextView.swift */,
				6286784120707AA800CE704F /* SpringAnimation.swift */,
				6286784220707AA800CE704F /* UnwindSegue.swift */,
				6286784320707AA800CE704F /* LoadingView.swift */,
				6286784420707AA800CE704F /* Info.plist */,
				6286784520707AA800CE704F /* AsyncImageView.swift */,
			);
			path = Spring;
			sourceTree = "<group>";
		};
		62B429712062CD790087C97C /* Model */ = {
			isa = PBXGroup;
			children = (
				62B429732062CE8C0087C97C /* SavedQuote+CoreDataClass.swift */,
				62B429722062CD9F0087C97C /* Generated */,
			);
			path = Model;
			sourceTree = "<group>";
		};
		62B429722062CD9F0087C97C /* Generated */ = {
			isa = PBXGroup;
			children = (
				62B429742062CE8C0087C97C /* SavedQuote+CoreDataProperties.swift */,
			);
			path = Generated;
			sourceTree = "<group>";
		};
		62F4D712204E4432000AA10A /* Fonts */ = {
			isa = PBXGroup;
			children = (
				6299E7D4207BE7AE00B96F35 /* Righteous */,
			);
			path = Fonts;
			sourceTree = "<group>";
		};
/* End PBXGroup section */

/* Begin PBXNativeTarget section */
		625CB2542047335C00BFF1F8 /* quotesApp */ = {
			isa = PBXNativeTarget;
			buildConfigurationList = 625CB2802047335C00BFF1F8 /* Build configuration list for PBXNativeTarget "quotesApp" */;
			buildPhases = (
				625CB2512047335C00BFF1F8 /* Sources */,
				625CB2522047335C00BFF1F8 /* Frameworks */,
				625CB2532047335C00BFF1F8 /* Resources */,
			);
			buildRules = (
			);
			dependencies = (
			);
			name = quotesApp;
			productName = quotesApp;
			productReference = 625CB2552047335C00BFF1F8 /* quotesApp.app */;
			productType = "com.apple.product-type.application";
		};
		625CB26B2047335C00BFF1F8 /* quotesAppTests */ = {
			isa = PBXNativeTarget;
			buildConfigurationList = 625CB2832047335C00BFF1F8 /* Build configuration list for PBXNativeTarget "quotesAppTests" */;
			buildPhases = (
				625CB2682047335C00BFF1F8 /* Sources */,
				625CB2692047335C00BFF1F8 /* Frameworks */,
				625CB26A2047335C00BFF1F8 /* Resources */,
			);
			buildRules = (
			);
			dependencies = (
				625CB26E2047335C00BFF1F8 /* PBXTargetDependency */,
			);
			name = quotesAppTests;
			productName = quotesAppTests;
			productReference = 625CB26C2047335C00BFF1F8 /* quotesAppTests.xctest */;
			productType = "com.apple.product-type.bundle.unit-test";
		};
		625CB2762047335C00BFF1F8 /* quotesAppUITests */ = {
			isa = PBXNativeTarget;
			buildConfigurationList = 625CB2862047335C00BFF1F8 /* Build configuration list for PBXNativeTarget "quotesAppUITests" */;
			buildPhases = (
				625CB2732047335C00BFF1F8 /* Sources */,
				625CB2742047335C00BFF1F8 /* Frameworks */,
				625CB2752047335C00BFF1F8 /* Resources */,
			);
			buildRules = (
			);
			dependencies = (
				625CB2792047335C00BFF1F8 /* PBXTargetDependency */,
			);
			name = quotesAppUITests;
			productName = quotesAppUITests;
			productReference = 625CB2772047335C00BFF1F8 /* quotesAppUITests.xctest */;
			productType = "com.apple.product-type.bundle.ui-testing";
		};
/* End PBXNativeTarget section */

/* Begin PBXProject section */
		625CB24D2047335C00BFF1F8 /* Project object */ = {
			isa = PBXProject;
			attributes = {
				LastSwiftUpdateCheck = 0920;
				LastUpgradeCheck = 0920;
				ORGANIZATIONNAME = "Unplugged Apps LLC";
				TargetAttributes = {
					625CB2542047335C00BFF1F8 = {
						CreatedOnToolsVersion = 9.2;
						ProvisioningStyle = Manual;
					};
					625CB26B2047335C00BFF1F8 = {
						CreatedOnToolsVersion = 9.2;
						ProvisioningStyle = Automatic;
						TestTargetID = 625CB2542047335C00BFF1F8;
					};
					625CB2762047335C00BFF1F8 = {
						CreatedOnToolsVersion = 9.2;
						ProvisioningStyle = Automatic;
						TestTargetID = 625CB2542047335C00BFF1F8;
					};
				};
			};
			buildConfigurationList = 625CB2502047335C00BFF1F8 /* Build configuration list for PBXProject "quotesApp" */;
			compatibilityVersion = "Xcode 8.0";
			developmentRegion = en;
			hasScannedForEncodings = 0;
			knownRegions = (
				en,
				Base,
			);
			mainGroup = 625CB24C2047335C00BFF1F8;
			productRefGroup = 625CB2562047335C00BFF1F8 /* Products */;
			projectDirPath = "";
			projectRoot = "";
			targets = (
				625CB2542047335C00BFF1F8 /* quotesApp */,
				625CB26B2047335C00BFF1F8 /* quotesAppTests */,
				625CB2762047335C00BFF1F8 /* quotesAppUITests */,
			);
		};
/* End PBXProject section */

/* Begin PBXResourcesBuildPhase section */
		625CB2532047335C00BFF1F8 /* Resources */ = {
			isa = PBXResourcesBuildPhase;
			buildActionMask = 2147483647;
			files = (
				6286786420707C2B00CE704F /* LICENSE in Resources */,
				625CB2662047335C00BFF1F8 /* LaunchScreen.storyboard in Resources */,
				6286785A20707AA800CE704F /* LoadingView.xib in Resources */,
				6299E7D5207BE7AE00B96F35 /* Righteous in Resources */,
				6286786620707C3500CE704F /* README.md in Resources */,
				625CB2632047335C00BFF1F8 /* Assets.xcassets in Resources */,
				6286786120707AA800CE704F /* Info.plist in Resources */,
				625CB25E2047335C00BFF1F8 /* Main.storyboard in Resources */,
			);
			runOnlyForDeploymentPostprocessing = 0;
		};
		625CB26A2047335C00BFF1F8 /* Resources */ = {
			isa = PBXResourcesBuildPhase;
			buildActionMask = 2147483647;
			files = (
			);
			runOnlyForDeploymentPostprocessing = 0;
		};
		625CB2752047335C00BFF1F8 /* Resources */ = {
			isa = PBXResourcesBuildPhase;
			buildActionMask = 2147483647;
			files = (
			);
			runOnlyForDeploymentPostprocessing = 0;
		};
/* End PBXResourcesBuildPhase section */

/* Begin PBXSourcesBuildPhase section */
		625CB2512047335C00BFF1F8 /* Sources */ = {
			isa = PBXSourcesBuildPhase;
			buildActionMask = 2147483647;
			files = (
				6286784620707AA800CE704F /* DesignableImageView.swift in Sources */,
				6286784E20707AA800CE704F /* SoundPlayer.swift in Sources */,
				6286784C20707AA800CE704F /* SpringImageView.swift in Sources */,
				6286785C20707AA800CE704F /* DesignableTextView.swift in Sources */,
				6286785020707AA800CE704F /* DesignableTextField.swift in Sources */,
				62D5F3BC204F3DC50073972F /* ViewDesign.swift in Sources */,
				6286785320707AA800CE704F /* Misc.swift in Sources */,
				6286785920707AA800CE704F /* AsyncButton.swift in Sources */,
				6286785F20707AA800CE704F /* UnwindSegue.swift in Sources */,
				62D5F3BA204F23E40073972F /* BlurEffects.swift in Sources */,
				62B429752062CE8C0087C97C /* SavedQuote+CoreDataClass.swift in Sources */,
				6286785720707AA800CE704F /* DesignableView.swift in Sources */,
				6286785220707AA800CE704F /* SpringTextView.swift in Sources */,
				62F4D70F204E12EA000AA10A /* LabelDesign.swift in Sources */,
				62F4D711204E1316000AA10A /* ImageDesign.swift in Sources */,
				6286784820707AA800CE704F /* TransitionManager.swift in Sources */,
				6286785E20707AA800CE704F /* SpringAnimation.swift in Sources */,
				6286786020707AA800CE704F /* LoadingView.swift in Sources */,
				6286785620707AA800CE704F /* SpringTextField.swift in Sources */,
				625CB2612047335C00BFF1F8 /* quotesApp.xcdatamodeld in Sources */,
				6286784B20707AA800CE704F /* Spring.swift in Sources */,
				6286784D20707AA800CE704F /* DesignableLabel.swift in Sources */,
				62B429762062CE8C0087C97C /* SavedQuote+CoreDataProperties.swift in Sources */,
				62B4296A205C46BD0087C97C /* Cell.swift in Sources */,
				62B4296C205C49D10087C97C /* QuoteCellStyle.swift in Sources */,
				6286784F20707AA800CE704F /* BlurView.swift in Sources */,
				6286786220707AA800CE704F /* AsyncImageView.swift in Sources */,
				62FB011B2071B852000C333C /* OnboardingViewController.swift in Sources */,
				6286784A20707AA800CE704F /* ImageLoader.swift in Sources */,
				6286785D20707AA800CE704F /* AutoTextView.swift in Sources */,
				6286785420707AA800CE704F /* SpringView.swift in Sources */,
				625CB25B2047335C00BFF1F8 /* ViewController.swift in Sources */,
				6286784720707AA800CE704F /* KeyboardLayoutConstraint.swift in Sources */,
				6286785520707AA800CE704F /* DesignableButton.swift in Sources */,
				6286785B20707AA800CE704F /* SpringLabel.swift in Sources */,
				6286785120707AA800CE704F /* SpringButton.swift in Sources */,
				625CB2592047335C00BFF1F8 /* AppDelegate.swift in Sources */,
				6286785820707AA800CE704F /* DesignableTabBarController.swift in Sources */,
				62F4D70D204E0C15000AA10A /* ButtonDesign.swift in Sources */,
				6286784920707AA800CE704F /* TransitionZoom.swift in Sources */,
			);
			runOnlyForDeploymentPostprocessing = 0;
		};
		625CB2682047335C00BFF1F8 /* Sources */ = {
			isa = PBXSourcesBuildPhase;
			buildActionMask = 2147483647;
			files = (
				625CB2712047335C00BFF1F8 /* quotesAppTests.swift in Sources */,
			);
			runOnlyForDeploymentPostprocessing = 0;
		};
		625CB2732047335C00BFF1F8 /* Sources */ = {
			isa = PBXSourcesBuildPhase;
			buildActionMask = 2147483647;
			files = (
				625CB27C2047335C00BFF1F8 /* quotesAppUITests.swift in Sources */,
			);
			runOnlyForDeploymentPostprocessing = 0;
		};
/* End PBXSourcesBuildPhase section */

/* Begin PBXTargetDependency section */
		625CB26E2047335C00BFF1F8 /* PBXTargetDependency */ = {
			isa = PBXTargetDependency;
			target = 625CB2542047335C00BFF1F8 /* quotesApp */;
			targetProxy = 625CB26D2047335C00BFF1F8 /* PBXContainerItemProxy */;
		};
		625CB2792047335C00BFF1F8 /* PBXTargetDependency */ = {
			isa = PBXTargetDependency;
			target = 625CB2542047335C00BFF1F8 /* quotesApp */;
			targetProxy = 625CB2782047335C00BFF1F8 /* PBXContainerItemProxy */;
		};
/* End PBXTargetDependency section */

/* Begin PBXVariantGroup section */
		625CB25C2047335C00BFF1F8 /* Main.storyboard */ = {
			isa = PBXVariantGroup;
			children = (
				625CB25D2047335C00BFF1F8 /* Base */,
			);
			name = Main.storyboard;
			sourceTree = "<group>";
		};
		625CB2642047335C00BFF1F8 /* LaunchScreen.storyboard */ = {
			isa = PBXVariantGroup;
			children = (
				625CB2652047335C00BFF1F8 /* Base */,
			);
			name = LaunchScreen.storyboard;
			sourceTree = "<group>";
		};
/* End PBXVariantGroup section */

/* Begin XCBuildConfiguration section */
		625CB27E2047335C00BFF1F8 /* Debug */ = {
			isa = XCBuildConfiguration;
			buildSettings = {
				ALWAYS_SEARCH_USER_PATHS = NO;
				CLANG_ANALYZER_NONNULL = YES;
				CLANG_ANALYZER_NUMBER_OBJECT_CONVERSION = YES_AGGRESSIVE;
				CLANG_CXX_LANGUAGE_STANDARD = "gnu++14";
				CLANG_CXX_LIBRARY = "libc++";
				CLANG_ENABLE_MODULES = YES;
				CLANG_ENABLE_OBJC_ARC = YES;
				CLANG_WARN_BLOCK_CAPTURE_AUTORELEASING = YES;
				CLANG_WARN_BOOL_CONVERSION = YES;
				CLANG_WARN_COMMA = YES;
				CLANG_WARN_CONSTANT_CONVERSION = YES;
				CLANG_WARN_DIRECT_OBJC_ISA_USAGE = YES_ERROR;
				CLANG_WARN_DOCUMENTATION_COMMENTS = YES;
				CLANG_WARN_EMPTY_BODY = YES;
				CLANG_WARN_ENUM_CONVERSION = YES;
				CLANG_WARN_INFINITE_RECURSION = YES;
				CLANG_WARN_INT_CONVERSION = YES;
				CLANG_WARN_NON_LITERAL_NULL_CONVERSION = YES;
				CLANG_WARN_OBJC_LITERAL_CONVERSION = YES;
				CLANG_WARN_OBJC_ROOT_CLASS = YES_ERROR;
				CLANG_WARN_RANGE_LOOP_ANALYSIS = YES;
				CLANG_WARN_STRICT_PROTOTYPES = YES;
				CLANG_WARN_SUSPICIOUS_MOVE = YES;
				CLANG_WARN_UNGUARDED_AVAILABILITY = YES_AGGRESSIVE;
				CLANG_WARN_UNREACHABLE_CODE = YES;
				CLANG_WARN__DUPLICATE_METHOD_MATCH = YES;
				CODE_SIGN_IDENTITY = "iPhone Developer";
				COPY_PHASE_STRIP = NO;
				DEBUG_INFORMATION_FORMAT = dwarf;
				ENABLE_STRICT_OBJC_MSGSEND = YES;
				ENABLE_TESTABILITY = YES;
				GCC_C_LANGUAGE_STANDARD = gnu11;
				GCC_DYNAMIC_NO_PIC = NO;
				GCC_NO_COMMON_BLOCKS = YES;
				GCC_OPTIMIZATION_LEVEL = 0;
				GCC_PREPROCESSOR_DEFINITIONS = (
					"DEBUG=1",
					"$(inherited)",
				);
				GCC_WARN_64_TO_32_BIT_CONVERSION = YES;
				GCC_WARN_ABOUT_RETURN_TYPE = YES_ERROR;
				GCC_WARN_UNDECLARED_SELECTOR = YES;
				GCC_WARN_UNINITIALIZED_AUTOS = YES_AGGRESSIVE;
				GCC_WARN_UNUSED_FUNCTION = YES;
				GCC_WARN_UNUSED_VARIABLE = YES;
				IPHONEOS_DEPLOYMENT_TARGET = 11.2;
				MTL_ENABLE_DEBUG_INFO = YES;
				ONLY_ACTIVE_ARCH = YES;
				SDKROOT = iphoneos;
				SWIFT_ACTIVE_COMPILATION_CONDITIONS = DEBUG;
				SWIFT_OPTIMIZATION_LEVEL = "-Onone";
			};
			name = Debug;
		};
		625CB27F2047335C00BFF1F8 /* Release */ = {
			isa = XCBuildConfiguration;
			buildSettings = {
				ALWAYS_SEARCH_USER_PATHS = NO;
				CLANG_ANALYZER_NONNULL = YES;
				CLANG_ANALYZER_NUMBER_OBJECT_CONVERSION = YES_AGGRESSIVE;
				CLANG_CXX_LANGUAGE_STANDARD = "gnu++14";
				CLANG_CXX_LIBRARY = "libc++";
				CLANG_ENABLE_MODULES = YES;
				CLANG_ENABLE_OBJC_ARC = YES;
				CLANG_WARN_BLOCK_CAPTURE_AUTORELEASING = YES;
				CLANG_WARN_BOOL_CONVERSION = YES;
				CLANG_WARN_COMMA = YES;
				CLANG_WARN_CONSTANT_CONVERSION = YES;
				CLANG_WARN_DIRECT_OBJC_ISA_USAGE = YES_ERROR;
				CLANG_WARN_DOCUMENTATION_COMMENTS = YES;
				CLANG_WARN_EMPTY_BODY = YES;
				CLANG_WARN_ENUM_CONVERSION = YES;
				CLANG_WARN_INFINITE_RECURSION = YES;
				CLANG_WARN_INT_CONVERSION = YES;
				CLANG_WARN_NON_LITERAL_NULL_CONVERSION = YES;
				CLANG_WARN_OBJC_LITERAL_CONVERSION = YES;
				CLANG_WARN_OBJC_ROOT_CLASS = YES_ERROR;
				CLANG_WARN_RANGE_LOOP_ANALYSIS = YES;
				CLANG_WARN_STRICT_PROTOTYPES = YES;
				CLANG_WARN_SUSPICIOUS_MOVE = YES;
				CLANG_WARN_UNGUARDED_AVAILABILITY = YES_AGGRESSIVE;
				CLANG_WARN_UNREACHABLE_CODE = YES;
				CLANG_WARN__DUPLICATE_METHOD_MATCH = YES;
				CODE_SIGN_IDENTITY = "iPhone Developer";
				COPY_PHASE_STRIP = NO;
				DEBUG_INFORMATION_FORMAT = "dwarf-with-dsym";
				ENABLE_NS_ASSERTIONS = NO;
				ENABLE_STRICT_OBJC_MSGSEND = YES;
				GCC_C_LANGUAGE_STANDARD = gnu11;
				GCC_NO_COMMON_BLOCKS = YES;
				GCC_WARN_64_TO_32_BIT_CONVERSION = YES;
				GCC_WARN_ABOUT_RETURN_TYPE = YES_ERROR;
				GCC_WARN_UNDECLARED_SELECTOR = YES;
				GCC_WARN_UNINITIALIZED_AUTOS = YES_AGGRESSIVE;
				GCC_WARN_UNUSED_FUNCTION = YES;
				GCC_WARN_UNUSED_VARIABLE = YES;
				IPHONEOS_DEPLOYMENT_TARGET = 11.2;
				MTL_ENABLE_DEBUG_INFO = NO;
				SDKROOT = iphoneos;
				SWIFT_OPTIMIZATION_LEVEL = "-Owholemodule";
				VALIDATE_PRODUCT = YES;
			};
			name = Release;
		};
		625CB2812047335C00BFF1F8 /* Debug */ = {
			isa = XCBuildConfiguration;
			buildSettings = {
				ASSETCATALOG_COMPILER_APPICON_NAME = AppIcon;
				CODE_SIGN_IDENTITY = "iPhone Developer";
				CODE_SIGN_STYLE = Manual;
				DEVELOPMENT_TEAM = 45V5BCUC3A;
				INFOPLIST_FILE = quotesApp/Info.plist;
				LD_RUNPATH_SEARCH_PATHS = "$(inherited) @executable_path/Frameworks";
				PRODUCT_BUNDLE_IDENTIFIER = com.ssamuelsen.quotesApps;
				PRODUCT_NAME = "$(TARGET_NAME)";
				PROVISIONING_PROFILE = "96879bd5-f552-4488-968a-cde0924b8126";
				PROVISIONING_PROFILE_SPECIFIER = QuotabilityProvisioningDevelopment;
				SWIFT_VERSION = 4.0;
				TARGETED_DEVICE_FAMILY = "1,2";
			};
			name = Debug;
		};
		625CB2822047335C00BFF1F8 /* Release */ = {
			isa = XCBuildConfiguration;
			buildSettings = {
				ASSETCATALOG_COMPILER_APPICON_NAME = AppIcon;
				CODE_SIGN_IDENTITY = "iPhone Distribution";
				CODE_SIGN_STYLE = Manual;
				DEVELOPMENT_TEAM = 45V5BCUC3A;
				INFOPLIST_FILE = quotesApp/Info.plist;
				LD_RUNPATH_SEARCH_PATHS = "$(inherited) @executable_path/Frameworks";
				PRODUCT_BUNDLE_IDENTIFIER = com.ssamuelsen.quotesApps;
				PRODUCT_NAME = "$(TARGET_NAME)";
				PROVISIONING_PROFILE = "5fd99eeb-96b4-4bd8-bea3-224d5e00df87";
				PROVISIONING_PROFILE_SPECIFIER = QuotabilityProvisioningDistribution;
				SWIFT_VERSION = 4.0;
				TARGETED_DEVICE_FAMILY = "1,2";
			};
			name = Release;
		};
		625CB2842047335C00BFF1F8 /* Debug */ = {
			isa = XCBuildConfiguration;
			buildSettings = {
				ALWAYS_EMBED_SWIFT_STANDARD_LIBRARIES = YES;
				BUNDLE_LOADER = "$(TEST_HOST)";
				CODE_SIGN_STYLE = Automatic;
				DEVELOPMENT_TEAM = 45V5BCUC3A;
				INFOPLIST_FILE = quotesAppTests/Info.plist;
				LD_RUNPATH_SEARCH_PATHS = "$(inherited) @executable_path/Frameworks @loader_path/Frameworks";
				PRODUCT_BUNDLE_IDENTIFIER = com.unpluggedappsllc.quotesApps.quotesAppTests;
				PRODUCT_NAME = "$(TARGET_NAME)";
				SWIFT_VERSION = 4.0;
				TARGETED_DEVICE_FAMILY = "1,2";
				TEST_HOST = "$(BUILT_PRODUCTS_DIR)/quotesApp.app/quotesApp";
			};
			name = Debug;
		};
		625CB2852047335C00BFF1F8 /* Release */ = {
			isa = XCBuildConfiguration;
			buildSettings = {
				ALWAYS_EMBED_SWIFT_STANDARD_LIBRARIES = YES;
				BUNDLE_LOADER = "$(TEST_HOST)";
				CODE_SIGN_STYLE = Automatic;
				DEVELOPMENT_TEAM = 45V5BCUC3A;
				INFOPLIST_FILE = quotesAppTests/Info.plist;
				LD_RUNPATH_SEARCH_PATHS = "$(inherited) @executable_path/Frameworks @loader_path/Frameworks";
				PRODUCT_BUNDLE_IDENTIFIER = com.unpluggedappsllc.quotesApps.quotesAppTests;
				PRODUCT_NAME = "$(TARGET_NAME)";
				SWIFT_VERSION = 4.0;
				TARGETED_DEVICE_FAMILY = "1,2";
				TEST_HOST = "$(BUILT_PRODUCTS_DIR)/quotesApp.app/quotesApp";
			};
			name = Release;
		};
		625CB2872047335C00BFF1F8 /* Debug */ = {
			isa = XCBuildConfiguration;
			buildSettings = {
				ALWAYS_EMBED_SWIFT_STANDARD_LIBRARIES = YES;
				CODE_SIGN_STYLE = Automatic;
				DEVELOPMENT_TEAM = 45V5BCUC3A;
				INFOPLIST_FILE = quotesAppUITests/Info.plist;
				LD_RUNPATH_SEARCH_PATHS = "$(inherited) @executable_path/Frameworks @loader_path/Frameworks";
				PRODUCT_BUNDLE_IDENTIFIER = com.unpluggedappsllc.quotesApps.quotesAppUITests;
				PRODUCT_NAME = "$(TARGET_NAME)";
				SWIFT_VERSION = 4.0;
				TARGETED_DEVICE_FAMILY = "1,2";
				TEST_TARGET_NAME = quotesApp;
			};
			name = Debug;
		};
		625CB2882047335C00BFF1F8 /* Release */ = {
			isa = XCBuildConfiguration;
			buildSettings = {
				ALWAYS_EMBED_SWIFT_STANDARD_LIBRARIES = YES;
				CODE_SIGN_STYLE = Automatic;
				DEVELOPMENT_TEAM = 45V5BCUC3A;
				INFOPLIST_FILE = quotesAppUITests/Info.plist;
				LD_RUNPATH_SEARCH_PATHS = "$(inherited) @executable_path/Frameworks @loader_path/Frameworks";
				PRODUCT_BUNDLE_IDENTIFIER = com.unpluggedappsllc.quotesApps.quotesAppUITests;
				PRODUCT_NAME = "$(TARGET_NAME)";
				SWIFT_VERSION = 4.0;
				TARGETED_DEVICE_FAMILY = "1,2";
				TEST_TARGET_NAME = quotesApp;
			};
			name = Release;
		};
/* End XCBuildConfiguration section */

/* Begin XCConfigurationList section */
		625CB2502047335C00BFF1F8 /* Build configuration list for PBXProject "quotesApp" */ = {
			isa = XCConfigurationList;
			buildConfigurations = (
				625CB27E2047335C00BFF1F8 /* Debug */,
				625CB27F2047335C00BFF1F8 /* Release */,
			);
			defaultConfigurationIsVisible = 0;
			defaultConfigurationName = Release;
		};
		625CB2802047335C00BFF1F8 /* Build configuration list for PBXNativeTarget "quotesApp" */ = {
			isa = XCConfigurationList;
			buildConfigurations = (
				625CB2812047335C00BFF1F8 /* Debug */,
				625CB2822047335C00BFF1F8 /* Release */,
			);
			defaultConfigurationIsVisible = 0;
			defaultConfigurationName = Release;
		};
		625CB2832047335C00BFF1F8 /* Build configuration list for PBXNativeTarget "quotesAppTests" */ = {
			isa = XCConfigurationList;
			buildConfigurations = (
				625CB2842047335C00BFF1F8 /* Debug */,
				625CB2852047335C00BFF1F8 /* Release */,
			);
			defaultConfigurationIsVisible = 0;
			defaultConfigurationName = Release;
		};
		625CB2862047335C00BFF1F8 /* Build configuration list for PBXNativeTarget "quotesAppUITests" */ = {
			isa = XCConfigurationList;
			buildConfigurations = (
				625CB2872047335C00BFF1F8 /* Debug */,
				625CB2882047335C00BFF1F8 /* Release */,
			);
			defaultConfigurationIsVisible = 0;
			defaultConfigurationName = Release;
		};
/* End XCConfigurationList section */

/* Begin XCVersionGroup section */
		625CB25F2047335C00BFF1F8 /* quotesApp.xcdatamodeld */ = {
			isa = XCVersionGroup;
			children = (
				625CB2602047335C00BFF1F8 /* quotesApp.xcdatamodel */,
			);
			currentVersion = 625CB2602047335C00BFF1F8 /* quotesApp.xcdatamodel */;
			path = quotesApp.xcdatamodeld;
			sourceTree = "<group>";
			versionGroupType = wrapper.xcdatamodel;
		};
/* End XCVersionGroup section */
	};
	rootObject = 625CB24D2047335C00BFF1F8 /* Project object */;
}
